
Microsoft Visual Studio Solution File, Format Version 12.00
# Visual Studio Version 16
VisualStudioVersion = 16.0.31624.102
MinimumVisualStudioVersion = 10.0.40219.1
Project("{FAE04EC0-301F-11D3-BF4B-00C04F79EFBC}") = "ConsoleApp4", "ConsoleApp4\ConsoleApp4.csproj", "{D036A704-8934-4C26-B158-26006638F195}"
EndProject
Global
	GlobalSection(SolutionConfigurationPlatforms) = preSolution
		Debug|Any CPU = Debug|Any CPU
		Release|Any CPU = Release|Any CPU
	EndGlobalSection
	GlobalSection(ProjectConfigurationPlatforms) = postSolution
		{D036A704-8934-4C26-B158-26006638F195}.Debug|Any CPU.ActiveCfg = Debug|Any CPU
		{D036A704-8934-4C26-B158-26006638F195}.Debug|Any CPU.Build.0 = Debug|Any CPU
		{D036A704-8934-4C26-B158-26006638F195}.Release|Any CPU.ActiveCfg = Release|Any CPU
		{D036A704-8934-4C26-B158-26006638F195}.Release|Any CPU.Build.0 = Release|Any CPU
	EndGlobalSection
	GlobalSection(SolutionProperties) = preSolution
		HideSolutionNode = FALSE
	EndGlobalSection
	GlobalSection(ExtensibilityGlobals) = postSolution
		SolutionGuid = {E77C8F78-8AB4-4CD0-96F5-6F2729FDB2B5}
	EndGlobalSection
EndGlobal
